
Microsoft Visual Studio Solution File, Format Version 12.00
# Visual Studio Version 17
VisualStudioVersion = 17.14.36310.24
MinimumVisualStudioVersion = 10.0.40219.1
Project("{FAE04EC0-301F-11D3-BF4B-00C04F79EFBC}") = "StoredProcedureLogin", "StoredProcedureLogin\StoredProcedureLogin.csproj", "{22C26971-AE66-4AFC-9B08-2E0481A092EB}"
EndProject
Global
	GlobalSection(SolutionConfigurationPlatforms) = preSolution
		Debug|Any CPU = Debug|Any CPU
		Release|Any CPU = Release|Any CPU
	EndGlobalSection
	GlobalSection(ProjectConfigurationPlatforms) = postSolution
		{22C26971-AE66-4AFC-9B08-2E0481A092EB}.Debug|Any CPU.ActiveCfg = Release|Any CPU
		{22C26971-AE66-4AFC-9B08-2E0481A092EB}.Debug|Any CPU.Build.0 = Release|Any CPU
		{22C26971-AE66-4AFC-9B08-2E0481A092EB}.Release|Any CPU.ActiveCfg = Release|Any CPU
		{22C26971-AE66-4AFC-9B08-2E0481A092EB}.Release|Any CPU.Build.0 = Release|Any CPU
	EndGlobalSection
	GlobalSection(SolutionProperties) = preSolution
		HideSolutionNode = FALSE
	EndGlobalSection
	GlobalSection(ExtensibilityGlobals) = postSolution
		SolutionGuid = {0654BE88-07C1-4DCF-8BCB-D43BBE9E4BB6}
	EndGlobalSection
EndGlobal
